
Microsoft Visual Studio Solution File, Format Version 12.00
# Visual Studio 14
VisualStudioVersion = 14.0.24720.0
MinimumVisualStudioVersion = 10.0.40219.1
Project("{FAE04EC0-301F-11D3-BF4B-00C04F79EFBC}") = "IL2ASM", "IL2ASM\IL2ASM.csproj", "{6BC25616-91A8-4AFB-A6A0-7C2A63315DDE}"
EndProject
Project("{FAE04EC0-301F-11D3-BF4B-00C04F79EFBC}") = "TestApplication", "TestApplication\TestApplication.csproj", "{854C70DA-787F-408A-8FAA-D3A11694AF16}"
EndProject
Project("{FAE04EC0-301F-11D3-BF4B-00C04F79EFBC}") = "IL2ASM.Binder", "IL2ASM.Binder\IL2ASM.Binder.csproj", "{395C523D-F307-4518-A307-7FB785791DF6}"
EndProject
Global
	GlobalSection(SolutionConfigurationPlatforms) = preSolution
		Debug|Any CPU = Debug|Any CPU
		Release|Any CPU = Release|Any CPU
	EndGlobalSection
	GlobalSection(ProjectConfigurationPlatforms) = postSolution
		{6BC25616-91A8-4AFB-A6A0-7C2A63315DDE}.Debug|Any CPU.ActiveCfg = Debug|Any CPU
		{6BC25616-91A8-4AFB-A6A0-7C2A63315DDE}.Debug|Any CPU.Build.0 = Debug|Any CPU
		{6BC25616-91A8-4AFB-A6A0-7C2A63315DDE}.Release|Any CPU.ActiveCfg = Release|Any CPU
		{6BC25616-91A8-4AFB-A6A0-7C2A63315DDE}.Release|Any CPU.Build.0 = Release|Any CPU
		{854C70DA-787F-408A-8FAA-D3A11694AF16}.Debug|Any CPU.ActiveCfg = Debug|Any CPU
		{854C70DA-787F-408A-8FAA-D3A11694AF16}.Debug|Any CPU.Build.0 = Debug|Any CPU
		{854C70DA-787F-408A-8FAA-D3A11694AF16}.Release|Any CPU.ActiveCfg = Release|Any CPU
		{854C70DA-787F-408A-8FAA-D3A11694AF16}.Release|Any CPU.Build.0 = Release|Any CPU
		{395C523D-F307-4518-A307-7FB785791DF6}.Debug|Any CPU.ActiveCfg = Debug|Any CPU
		{395C523D-F307-4518-A307-7FB785791DF6}.Debug|Any CPU.Build.0 = Debug|Any CPU
		{395C523D-F307-4518-A307-7FB785791DF6}.Release|Any CPU.ActiveCfg = Release|Any CPU
		{395C523D-F307-4518-A307-7FB785791DF6}.Release|Any CPU.Build.0 = Release|Any CPU
	EndGlobalSection
	GlobalSection(SolutionProperties) = preSolution
		HideSolutionNode = FALSE
	EndGlobalSection
EndGlobal
